<?xml version="1.0" encoding="utf-8"?>
<Project ToolsVersion="4.0" xmlns="http://schemas.microsoft.com/developer/msbuild/2003">
  <ItemGroup>
    <Filter Include="资源文件">
      <UniqueIdentifier>{67DA6AB6-F800-4c08-8B7A-83BB121AAD01}</UniqueIdentifier>
      <Extensions>rc;ico;cur;bmp;dlg;rc2;rct;bin;rgs;gif;jpg;jpeg;jpe;resx;tiff;tif;png;wav;mfcribbon-ms</Extensions>
    </Filter>
    <Filter Include="mat">
      <UniqueIdentifier>{17a159ce-858b-4a51-b55c-35926fcd0af2}</UniqueIdentifier>
    </Filter>
    <Filter Include="sort">
      <UniqueIdentifier>{1ed66f5c-c6a7-4a01-aaaa-301e0397bc28}</UniqueIdentifier>
    </Filter>
  </ItemGroup>
  <ItemGroup>
    <ClInclude Include="src\common.h" />
    <ClInclude Include="src\common_type.h" />
    <ClInclude Include="src\defs.h" />
    <ClInclude Include="src\image_lib.h" />
    <ClInclude Include="src\logging.h" />
    <ClInclude Include="src\sort\sort.h">
      <Filter>sort</Filter>
    </ClInclude>
    <ClInclude Include="src\mat\mat_proc.h">
      <Filter>mat</Filter>
    </ClInclude>
  </ItemGroup>
  <ItemGroup>
    <ClCompile Include="src\common.cpp" />
    <ClCompile Include="src\logging.cpp" />
    <ClCompile Include="src\sort\sort.cpp">
      <Filter>sort</Filter>
    </ClCompile>
    <ClCompile Include="src\mat\mat_proc.cpp">
      <Filter>mat</Filter>
    </ClCompile>
  </ItemGroup>
</Project>